
Microsoft Visual Studio Solution File, Format Version 12.00
# Visual Studio Version 16
VisualStudioVersion = 16.0.810.3
MinimumVisualStudioVersion = 10.0.40219.1
Project("{FAE04EC0-301F-11D3-BF4B-00C04F79EFBC}") = "baseballpractice", "baseballpractice\baseballpractice.csproj", "{7B049F42-0FCA-4A40-A8DA-69AE90D73C22}"
EndProject
Global
	GlobalSection(SolutionConfigurationPlatforms) = preSolution
		Debug|Any CPU = Debug|Any CPU
		Release|Any CPU = Release|Any CPU
	EndGlobalSection
	GlobalSection(ProjectConfigurationPlatforms) = postSolution
		{7B049F42-0FCA-4A40-A8DA-69AE90D73C22}.Debug|Any CPU.ActiveCfg = Debug|Any CPU
		{7B049F42-0FCA-4A40-A8DA-69AE90D73C22}.Debug|Any CPU.Build.0 = Debug|Any CPU
		{7B049F42-0FCA-4A40-A8DA-69AE90D73C22}.Release|Any CPU.ActiveCfg = Release|Any CPU
		{7B049F42-0FCA-4A40-A8DA-69AE90D73C22}.Release|Any CPU.Build.0 = Release|Any CPU
	EndGlobalSection
	GlobalSection(SolutionProperties) = preSolution
		HideSolutionNode = FALSE
	EndGlobalSection
	GlobalSection(ExtensibilityGlobals) = postSolution
		SolutionGuid = {6F29F5E4-FF0D-434A-BC91-2948D1C44BD4}
	EndGlobalSection
EndGlobal
